
Microsoft Visual Studio Solution File, Format Version 12.00
# Visual Studio Version 16
VisualStudioVersion = 16.0.32802.440
MinimumVisualStudioVersion = 10.0.40219.1
Project("{9A19103F-16F7-4668-BE54-9A1E7A4F7556}") = "Server", "Server\Server.csproj", "{E478A23B-0B74-4505-A485-942CC915F47E}"
EndProject
Project("{FAE04EC0-301F-11D3-BF4B-00C04F79EFBC}") = "WebAppMVC", "WebAppMVC\WebAppMVC.csproj", "{F3C9520B-AAF3-427B-ACF0-7A82BAC70841}"
EndProject
Global
	GlobalSection(SolutionConfigurationPlatforms) = preSolution
		Debug|Any CPU = Debug|Any CPU
		Release|Any CPU = Release|Any CPU
	EndGlobalSection
	GlobalSection(ProjectConfigurationPlatforms) = postSolution
		{E478A23B-0B74-4505-A485-942CC915F47E}.Debug|Any CPU.ActiveCfg = Debug|Any CPU
		{E478A23B-0B74-4505-A485-942CC915F47E}.Debug|Any CPU.Build.0 = Debug|Any CPU
		{E478A23B-0B74-4505-A485-942CC915F47E}.Release|Any CPU.ActiveCfg = Release|Any CPU
		{E478A23B-0B74-4505-A485-942CC915F47E}.Release|Any CPU.Build.0 = Release|Any CPU
		{F3C9520B-AAF3-427B-ACF0-7A82BAC70841}.Debug|Any CPU.ActiveCfg = Debug|Any CPU
		{F3C9520B-AAF3-427B-ACF0-7A82BAC70841}.Debug|Any CPU.Build.0 = Debug|Any CPU
		{F3C9520B-AAF3-427B-ACF0-7A82BAC70841}.Release|Any CPU.ActiveCfg = Release|Any CPU
		{F3C9520B-AAF3-427B-ACF0-7A82BAC70841}.Release|Any CPU.Build.0 = Release|Any CPU
	EndGlobalSection
	GlobalSection(SolutionProperties) = preSolution
		HideSolutionNode = FALSE
	EndGlobalSection
	GlobalSection(ExtensibilityGlobals) = postSolution
		SolutionGuid = {F22E0733-1024-4CBF-873A-181F29586BC2}
	EndGlobalSection
EndGlobal
